
Microsoft Visual Studio Solution File, Format Version 12.00
# Visual Studio 2012
Project("{FAE04EC0-301F-11D3-BF4B-00C04F79EFBC}") = "LD27", "LD27\LD27\LD27.csproj", "{7F0357CA-8AE5-48AC-9CFE-D5761AA02CEB}"
EndProject
Project("{96E2B04D-8817-42C6-938A-82C39BA4D311}") = "LD27Content", "LD27\LD27Content\LD27Content.contentproj", "{ACE847BE-1C69-42A1-872B-40E90937F716}"
EndProject
Global
	GlobalSection(SolutionConfigurationPlatforms) = preSolution
		Debug|Windows Phone = Debug|Windows Phone
		Release|Windows Phone = Release|Windows Phone
	EndGlobalSection
	GlobalSection(ProjectConfigurationPlatforms) = postSolution
		{7F0357CA-8AE5-48AC-9CFE-D5761AA02CEB}.Debug|Windows Phone.ActiveCfg = Debug|Windows Phone
		{7F0357CA-8AE5-48AC-9CFE-D5761AA02CEB}.Debug|Windows Phone.Build.0 = Debug|Windows Phone
		{7F0357CA-8AE5-48AC-9CFE-D5761AA02CEB}.Debug|Windows Phone.Deploy.0 = Debug|Windows Phone
		{7F0357CA-8AE5-48AC-9CFE-D5761AA02CEB}.Release|Windows Phone.ActiveCfg = Release|Windows Phone
		{7F0357CA-8AE5-48AC-9CFE-D5761AA02CEB}.Release|Windows Phone.Build.0 = Release|Windows Phone
		{7F0357CA-8AE5-48AC-9CFE-D5761AA02CEB}.Release|Windows Phone.Deploy.0 = Release|Windows Phone
		{ACE847BE-1C69-42A1-872B-40E90937F716}.Debug|Windows Phone.ActiveCfg = Debug|Windows Phone
		{ACE847BE-1C69-42A1-872B-40E90937F716}.Release|Windows Phone.ActiveCfg = Release|Windows Phone
	EndGlobalSection
	GlobalSection(SolutionProperties) = preSolution
		HideSolutionNode = FALSE
	EndGlobalSection
EndGlobal
